
Microsoft Visual Studio Solution File, Format Version 12.00
# Visual Studio Version 16
VisualStudioVersion = 16.0.34301.259
MinimumVisualStudioVersion = 10.0.40219.1
Project("{9A19103F-16F7-4668-BE54-9A1E7A4F7556}") = "Wombat.Extensions.DataTypeExtensions", "Wombat.Extensions.DataTypeExtensions\Wombat.Extensions.DataTypeExtensions.csproj", "{2A94E069-2ECE-4DDF-820B-7B2A057B9D2E}"
EndProject
Project("{FAE04EC0-301F-11D3-BF4B-00C04F79EFBC}") = "Wombat.Extensions.DataTypeExtensionsTest", "Wombat.Extensions.DataTypeExtensionsTest\Wombat.Extensions.DataTypeExtensionsTest.csproj", "{F4119057-A175-47C7-8C05-847A45FB3A21}"
EndProject
Global
	GlobalSection(SolutionConfigurationPlatforms) = preSolution
		Debug|Any CPU = Debug|Any CPU
		Release|Any CPU = Release|Any CPU
	EndGlobalSection
	GlobalSection(ProjectConfigurationPlatforms) = postSolution
		{2A94E069-2ECE-4DDF-820B-7B2A057B9D2E}.Debug|Any CPU.ActiveCfg = Debug|Any CPU
		{2A94E069-2ECE-4DDF-820B-7B2A057B9D2E}.Debug|Any CPU.Build.0 = Debug|Any CPU
		{2A94E069-2ECE-4DDF-820B-7B2A057B9D2E}.Release|Any CPU.ActiveCfg = Release|Any CPU
		{2A94E069-2ECE-4DDF-820B-7B2A057B9D2E}.Release|Any CPU.Build.0 = Release|Any CPU
		{F4119057-A175-47C7-8C05-847A45FB3A21}.Debug|Any CPU.ActiveCfg = Debug|Any CPU
		{F4119057-A175-47C7-8C05-847A45FB3A21}.Debug|Any CPU.Build.0 = Debug|Any CPU
		{F4119057-A175-47C7-8C05-847A45FB3A21}.Release|Any CPU.ActiveCfg = Release|Any CPU
		{F4119057-A175-47C7-8C05-847A45FB3A21}.Release|Any CPU.Build.0 = Release|Any CPU
	EndGlobalSection
	GlobalSection(SolutionProperties) = preSolution
		HideSolutionNode = FALSE
	EndGlobalSection
	GlobalSection(ExtensibilityGlobals) = postSolution
		SolutionGuid = {2AC3A088-2CE9-4249-8DE5-7D7BC76079F7}
	EndGlobalSection
EndGlobal
